
Microsoft Visual Studio Solution File, Format Version 12.00
# Visual Studio Version 17
VisualStudioVersion = 17.5.002.0
MinimumVisualStudioVersion = 10.0.40219.1
Project("{9A19103F-16F7-4668-BE54-9A1E7A4F7556}") = "releasejsonweb", "releasejsonweb.csproj", "{8FBE78C3-4CB1-4420-A9CD-2E5FB0015F05}"
EndProject
Global
	GlobalSection(SolutionConfigurationPlatforms) = preSolution
		Debug|Any CPU = Debug|Any CPU
		Release|Any CPU = Release|Any CPU
	EndGlobalSection
	GlobalSection(ProjectConfigurationPlatforms) = postSolution
		{8FBE78C3-4CB1-4420-A9CD-2E5FB0015F05}.Debug|Any CPU.ActiveCfg = Debug|Any CPU
		{8FBE78C3-4CB1-4420-A9CD-2E5FB0015F05}.Debug|Any CPU.Build.0 = Debug|Any CPU
		{8FBE78C3-4CB1-4420-A9CD-2E5FB0015F05}.Release|Any CPU.ActiveCfg = Release|Any CPU
		{8FBE78C3-4CB1-4420-A9CD-2E5FB0015F05}.Release|Any CPU.Build.0 = Release|Any CPU
	EndGlobalSection
	GlobalSection(SolutionProperties) = preSolution
		HideSolutionNode = FALSE
	EndGlobalSection
	GlobalSection(ExtensibilityGlobals) = postSolution
		SolutionGuid = {646746D0-2190-4300-B713-B969C9DEE065}
	EndGlobalSection
EndGlobal
